
Microsoft Visual Studio Solution File, Format Version 12.00
# Visual Studio Version 17
VisualStudioVersion = 17.3.32819.101
MinimumVisualStudioVersion = 10.0.40219.1
Project("{FAE04EC0-301F-11D3-BF4B-00C04F79EFBC}") = "HMO", "HMO\HMO.csproj", "{DABE8309-9362-4034-81C1-37D211D82CDC}"
EndProject
Project("{FAE04EC0-301F-11D3-BF4B-00C04F79EFBC}") = "Repository", "Repository\Repository.csproj", "{71EF2FB5-2C91-4C27-B6E9-2B65B86A8504}"
EndProject
Project("{FAE04EC0-301F-11D3-BF4B-00C04F79EFBC}") = "Service", "Service\Service.csproj", "{9F3BD6B3-7A2E-4B5B-A0EA-B94C05DB6B76}"
EndProject
Global
	GlobalSection(SolutionConfigurationPlatforms) = preSolution
		Debug|Any CPU = Debug|Any CPU
		Release|Any CPU = Release|Any CPU
	EndGlobalSection
	GlobalSection(ProjectConfigurationPlatforms) = postSolution
		{DABE8309-9362-4034-81C1-37D211D82CDC}.Debug|Any CPU.ActiveCfg = Debug|Any CPU
		{DABE8309-9362-4034-81C1-37D211D82CDC}.Debug|Any CPU.Build.0 = Debug|Any CPU
		{DABE8309-9362-4034-81C1-37D211D82CDC}.Release|Any CPU.ActiveCfg = Release|Any CPU
		{DABE8309-9362-4034-81C1-37D211D82CDC}.Release|Any CPU.Build.0 = Release|Any CPU
		{71EF2FB5-2C91-4C27-B6E9-2B65B86A8504}.Debug|Any CPU.ActiveCfg = Debug|Any CPU
		{71EF2FB5-2C91-4C27-B6E9-2B65B86A8504}.Debug|Any CPU.Build.0 = Debug|Any CPU
		{71EF2FB5-2C91-4C27-B6E9-2B65B86A8504}.Release|Any CPU.ActiveCfg = Release|Any CPU
		{71EF2FB5-2C91-4C27-B6E9-2B65B86A8504}.Release|Any CPU.Build.0 = Release|Any CPU
		{9F3BD6B3-7A2E-4B5B-A0EA-B94C05DB6B76}.Debug|Any CPU.ActiveCfg = Debug|Any CPU
		{9F3BD6B3-7A2E-4B5B-A0EA-B94C05DB6B76}.Debug|Any CPU.Build.0 = Debug|Any CPU
		{9F3BD6B3-7A2E-4B5B-A0EA-B94C05DB6B76}.Release|Any CPU.ActiveCfg = Release|Any CPU
		{9F3BD6B3-7A2E-4B5B-A0EA-B94C05DB6B76}.Release|Any CPU.Build.0 = Release|Any CPU
	EndGlobalSection
	GlobalSection(SolutionProperties) = preSolution
		HideSolutionNode = FALSE
	EndGlobalSection
	GlobalSection(ExtensibilityGlobals) = postSolution
		SolutionGuid = {C01C2C0E-486A-4D94-90B6-7272574E53BD}
	EndGlobalSection
EndGlobal
